Microsoft Visual Studio Solution File, Format Version 12.00
# Visual Studio 2013
VisualStudioVersion = 12.0.31101.0
MinimumVisualStudioVersion = 10.0.40219.1
Project("{FAE04EC0-301F-11D3-BF4B-00C04F79EFBC}") = "NBarCodes", "NBarCodes\NBarCodes.csproj", "{818A6862-6B8B-4F93-826E-D0CD8844BBA4}"
EndProject
Project("{FAE04EC0-301F-11D3-BF4B-00C04F79EFBC}") = "NBarCodes.Tests", "NBarCodes.Tests\NBarCodes.Tests.csproj", "{0A9123F5-0605-4D62-927F-A1F384509029}"
EndProject
Project("{2150E333-8FDC-42A3-9474-1A3956D46DE8}") = ".nuget", ".nuget", "{21349394-3ED4-4609-B6EE-943743E7F0FB}"
	ProjectSection(SolutionItems) = preProject
		.nuget\packages.config = .nuget\packages.config
	EndProjectSection
EndProject
Global
	GlobalSection(SolutionConfigurationPlatforms) = preSolution
		Debug|Any CPU = Debug|Any CPU
		Release|Any CPU = Release|Any CPU
		Debug.net40|Any CPU = Debug.net40|Any CPU
		Release.net40|Any CPU = Release.net40|Any CPU
		Release.net20|Any CPU = Release.net20|Any CPU
		Release.net30|Any CPU = Release.net30|Any CPU
		Release.net35|Any CPU = Release.net35|Any CPU
		Release.net35-client|Any CPU = Release.net35-client|Any CPU
		Release.net40-client|Any CPU = Release.net40-client|Any CPU
	EndGlobalSection
	GlobalSection(ProjectConfigurationPlatforms) = postSolution
		{818A6862-6B8B-4F93-826E-D0CD8844BBA4}.Debug|Any CPU.ActiveCfg = Debug.net40|Any CPU
		{818A6862-6B8B-4F93-826E-D0CD8844BBA4}.Debug|Any CPU.Build.0 = Debug.net40|Any CPU
		{818A6862-6B8B-4F93-826E-D0CD8844BBA4}.Release|Any CPU.ActiveCfg = Release.net40|Any CPU
		{818A6862-6B8B-4F93-826E-D0CD8844BBA4}.Release|Any CPU.Build.0 = Release.net40|Any CPU
		{818A6862-6B8B-4F93-826E-D0CD8844BBA4}.Debug.net40|Any CPU.ActiveCfg = Debug.net40|Any CPU
		{818A6862-6B8B-4F93-826E-D0CD8844BBA4}.Debug.net40|Any CPU.Build.0 = Debug.net40|Any CPU
		{818A6862-6B8B-4F93-826E-D0CD8844BBA4}.Release.net40|Any CPU.ActiveCfg = Release.net40|Any CPU
		{818A6862-6B8B-4F93-826E-D0CD8844BBA4}.Release.net40|Any CPU.Build.0 = Release.net40|Any CPU
		{818A6862-6B8B-4F93-826E-D0CD8844BBA4}.Release.net20|Any CPU.ActiveCfg = Release.net20|Any CPU
		{818A6862-6B8B-4F93-826E-D0CD8844BBA4}.Release.net20|Any CPU.Build.0 = Release.net20|Any CPU
		{818A6862-6B8B-4F93-826E-D0CD8844BBA4}.Release.net30|Any CPU.ActiveCfg = Release.net30|Any CPU
		{818A6862-6B8B-4F93-826E-D0CD8844BBA4}.Release.net30|Any CPU.Build.0 = Release.net30|Any CPU
		{818A6862-6B8B-4F93-826E-D0CD8844BBA4}.Release.net35|Any CPU.ActiveCfg = Release.net35|Any CPU
		{818A6862-6B8B-4F93-826E-D0CD8844BBA4}.Release.net35|Any CPU.Build.0 = Release.net35|Any CPU
		{818A6862-6B8B-4F93-826E-D0CD8844BBA4}.Release.net35-client|Any CPU.ActiveCfg = Release.net35-client|Any CPU
		{818A6862-6B8B-4F93-826E-D0CD8844BBA4}.Release.net35-client|Any CPU.Build.0 = Release.net35-client|Any CPU
		{818A6862-6B8B-4F93-826E-D0CD8844BBA4}.Release.net40-client|Any CPU.ActiveCfg = Release.net40-client|Any CPU
		{818A6862-6B8B-4F93-826E-D0CD8844BBA4}.Release.net40-client|Any CPU.Build.0 = Release.net40-client|Any CPU
		{0A9123F5-0605-4D62-927F-A1F384509029}.Debug|Any CPU.ActiveCfg = Debug|Any CPU
		{0A9123F5-0605-4D62-927F-A1F384509029}.Debug|Any CPU.Build.0 = Debug|Any CPU
		{0A9123F5-0605-4D62-927F-A1F384509029}.Release|Any CPU.ActiveCfg = Release|Any CPU
		{0A9123F5-0605-4D62-927F-A1F384509029}.Release|Any CPU.Build.0 = Release|Any CPU
		{0A9123F5-0605-4D62-927F-A1F384509029}.Debug.net40|Any CPU.ActiveCfg = Debug|Any CPU
		{0A9123F5-0605-4D62-927F-A1F384509029}.Debug.net40|Any CPU.Build.0 = Debug|Any CPU
		{0A9123F5-0605-4D62-927F-A1F384509029}.Release.net40|Any CPU.ActiveCfg = Release|Any CPU
		{0A9123F5-0605-4D62-927F-A1F384509029}.Release.net40|Any CPU.Build.0 = Release|Any CPU
		{0A9123F5-0605-4D62-927F-A1F384509029}.Release.net20|Any CPU.ActiveCfg = Release|Any CPU
		{0A9123F5-0605-4D62-927F-A1F384509029}.Release.net20|Any CPU.Build.0 = Release|Any CPU
		{0A9123F5-0605-4D62-927F-A1F384509029}.Release.net30|Any CPU.ActiveCfg = Release|Any CPU
		{0A9123F5-0605-4D62-927F-A1F384509029}.Release.net30|Any CPU.Build.0 = Release|Any CPU
		{0A9123F5-0605-4D62-927F-A1F384509029}.Release.net35|Any CPU.ActiveCfg = Release|Any CPU
		{0A9123F5-0605-4D62-927F-A1F384509029}.Release.net35|Any CPU.Build.0 = Release|Any CPU
		{0A9123F5-0605-4D62-927F-A1F384509029}.Release.net35-client|Any CPU.ActiveCfg = Release|Any CPU
		{0A9123F5-0605-4D62-927F-A1F384509029}.Release.net35-client|Any CPU.Build.0 = Release|Any CPU
		{0A9123F5-0605-4D62-927F-A1F384509029}.Release.net40-client|Any CPU.ActiveCfg = Release|Any CPU
		{0A9123F5-0605-4D62-927F-A1F384509029}.Release.net40-client|Any CPU.Build.0 = Release|Any CPU
	EndGlobalSection
	GlobalSection(SolutionProperties) = preSolution
		HideSolutionNode = FALSE
	EndGlobalSection
EndGlobal
